
Microsoft Visual Studio Solution File, Format Version 12.00
# Visual Studio Version 16
VisualStudioVersion = 16.0.29709.97
MinimumVisualStudioVersion = 10.0.40219.1
Project("{2150E333-8FDC-42A3-9474-1A3956D46DE8}") = "Ccint.Ocr", "Ccint.Ocr", "{96FF4A57-9616-47AC-B4AF-891BEB2FA7E0}"
EndProject
Project("{FAE04EC0-301F-11D3-BF4B-00C04F79EFBC}") = "Ccint.Ocr", "Ccint.Ocr\Ccint.Ocr\Ccint.Ocr.csproj", "{7E269E8D-D949-4FF6-A885-D6360B16C2AB}"
EndProject
Project("{FAE04EC0-301F-11D3-BF4B-00C04F79EFBC}") = "Ccint.Ocr.Activities", "Ccint.Ocr\Ccint.Ocr.Activities\Ccint.Ocr.Activities.csproj", "{BCAF0C2C-1870-4982-9E8D-4C7732993841}"
EndProject
Project("{FAE04EC0-301F-11D3-BF4B-00C04F79EFBC}") = "Ccint.Ocr.Activities.Design", "Ccint.Ocr\Ccint.Ocr.Activities.Design\Ccint.Ocr.Activities.Design.csproj", "{54DCD9AD-F9FC-48D8-941A-C6B77C572798}"
EndProject
Global
	GlobalSection(SolutionConfigurationPlatforms) = preSolution
		Debug|Any CPU = Debug|Any CPU
		Release|Any CPU = Release|Any CPU
	EndGlobalSection
	GlobalSection(ProjectConfigurationPlatforms) = postSolution
		{7E269E8D-D949-4FF6-A885-D6360B16C2AB}.Debug|Any CPU.ActiveCfg = Debug|Any CPU
		{7E269E8D-D949-4FF6-A885-D6360B16C2AB}.Debug|Any CPU.Build.0 = Debug|Any CPU
		{7E269E8D-D949-4FF6-A885-D6360B16C2AB}.Release|Any CPU.ActiveCfg = Release|Any CPU
		{7E269E8D-D949-4FF6-A885-D6360B16C2AB}.Release|Any CPU.Build.0 = Release|Any CPU
		{BCAF0C2C-1870-4982-9E8D-4C7732993841}.Debug|Any CPU.ActiveCfg = Debug|Any CPU
		{BCAF0C2C-1870-4982-9E8D-4C7732993841}.Debug|Any CPU.Build.0 = Debug|Any CPU
		{BCAF0C2C-1870-4982-9E8D-4C7732993841}.Release|Any CPU.ActiveCfg = Release|Any CPU
		{BCAF0C2C-1870-4982-9E8D-4C7732993841}.Release|Any CPU.Build.0 = Release|Any CPU
		{54DCD9AD-F9FC-48D8-941A-C6B77C572798}.Debug|Any CPU.ActiveCfg = Debug|Any CPU
		{54DCD9AD-F9FC-48D8-941A-C6B77C572798}.Debug|Any CPU.Build.0 = Debug|Any CPU
		{54DCD9AD-F9FC-48D8-941A-C6B77C572798}.Release|Any CPU.ActiveCfg = Release|Any CPU
		{54DCD9AD-F9FC-48D8-941A-C6B77C572798}.Release|Any CPU.Build.0 = Release|Any CPU
	EndGlobalSection
	GlobalSection(SolutionProperties) = preSolution
		HideSolutionNode = FALSE
	EndGlobalSection
	GlobalSection(NestedProjects) = preSolution
		{7E269E8D-D949-4FF6-A885-D6360B16C2AB} = {96FF4A57-9616-47AC-B4AF-891BEB2FA7E0}
		{BCAF0C2C-1870-4982-9E8D-4C7732993841} = {96FF4A57-9616-47AC-B4AF-891BEB2FA7E0}
		{54DCD9AD-F9FC-48D8-941A-C6B77C572798} = {96FF4A57-9616-47AC-B4AF-891BEB2FA7E0}
	EndGlobalSection
	GlobalSection(ExtensibilityGlobals) = postSolution
		SolutionGuid = {B4658AE2-939C-44E1-9B32-1A4176C2A351}
	EndGlobalSection
EndGlobal
