
Microsoft Visual Studio Solution File, Format Version 12.00
# Visual Studio Version 16
VisualStudioVersion = 16.0.29709.97
MinimumVisualStudioVersion = 10.0.40219.1
Project("{2150E333-8FDC-42A3-9474-1A3956D46DE8}") = "Ccint.Ocr", "Ccint.Ocr", "{96FF4A57-9616-47AC-B4AF-891BEB2FA7E0}"
EndProject
Project("{FAE04EC0-301F-11D3-BF4B-00C04F79EFBC}") = "Ccint.Ocr", "Ccint.Ocr\Ccint.Ocr\Ccint.Ocr.csproj", "{7E269E8D-D949-4FF6-A885-D6360B16C2AB}"
EndProject
Project("{FAE04EC0-301F-11D3-BF4B-00C04F79EFBC}") = "Ccint.Ocr.Activities", "Ccint.Ocr\Ccint.Ocr.Activities\Ccint.Ocr.Activities.csproj", "{BCAF0C2C-1870-4982-9E8D-4C7732993841}"
EndProject
Project("{FAE04EC0-301F-11D3-BF4B-00C04F79EFBC}") = "Ccint.Ocr.Activities.Design", "Ccint.Ocr\Ccint.Ocr.Activities.Design\Ccint.Ocr.Activities.Design.csproj", "{54DCD9AD-F9FC-48D8-941A-C6B77C572798}"
EndProject
Project("{2150E333-8FDC-42A3-9474-1A3956D46DE8}") = "Shared", "Shared", "{081047A4-FC12-4D39-B02A-828F5F852FE4}"
EndProject
Project("{D954291E-2A0B-460D-934E-DC6B0785DB48}") = "UiPath.Shared.Activities", "Shared\UiPath.Shared.Activities\UiPath.Shared.Activities.shproj", "{4546856D-EA50-45C6-9419-EEEACB5A80AA}"
EndProject
Project("{D954291E-2A0B-460D-934E-DC6B0785DB48}") = "UiPath.Shared.Activities.Design", "Shared\UiPath.Shared.Activities.Design\UiPath.Shared.Activities.Design.shproj", "{DF9C43F0-ADD3-4FBF-995E-84B92F9CBF25}"
EndProject
Global
	GlobalSection(SharedMSBuildProjectFiles) = preSolution
		Shared\UiPath.Shared.Activities\UiPath.Shared.Activities.projitems*{4546856d-ea50-45c6-9419-eeeacb5a80aa}*SharedItemsImports = 13
		Shared\UiPath.Shared.Activities.Design\UiPath.Shared.Activities.Design.projitems*{54dcd9ad-f9fc-48d8-941a-c6b77c572798}*SharedItemsImports = 4
		Shared\UiPath.Shared.Activities\UiPath.Shared.Activities.projitems*{bcaf0c2c-1870-4982-9e8d-4c7732993841}*SharedItemsImports = 4
		Shared\UiPath.Shared.Activities.Design\UiPath.Shared.Activities.Design.projitems*{df9c43f0-add3-4fbf-995e-84b92f9cbf25}*SharedItemsImports = 13
	EndGlobalSection
	GlobalSection(SolutionConfigurationPlatforms) = preSolution
		Debug|Any CPU = Debug|Any CPU
		Release|Any CPU = Release|Any CPU
	EndGlobalSection
	GlobalSection(ProjectConfigurationPlatforms) = postSolution
		{7E269E8D-D949-4FF6-A885-D6360B16C2AB}.Debug|Any CPU.ActiveCfg = Debug|Any CPU
		{7E269E8D-D949-4FF6-A885-D6360B16C2AB}.Debug|Any CPU.Build.0 = Debug|Any CPU
		{7E269E8D-D949-4FF6-A885-D6360B16C2AB}.Release|Any CPU.ActiveCfg = Release|Any CPU
		{7E269E8D-D949-4FF6-A885-D6360B16C2AB}.Release|Any CPU.Build.0 = Release|Any CPU
		{BCAF0C2C-1870-4982-9E8D-4C7732993841}.Debug|Any CPU.ActiveCfg = Debug|Any CPU
		{BCAF0C2C-1870-4982-9E8D-4C7732993841}.Debug|Any CPU.Build.0 = Debug|Any CPU
		{BCAF0C2C-1870-4982-9E8D-4C7732993841}.Release|Any CPU.ActiveCfg = Release|Any CPU
		{BCAF0C2C-1870-4982-9E8D-4C7732993841}.Release|Any CPU.Build.0 = Release|Any CPU
		{54DCD9AD-F9FC-48D8-941A-C6B77C572798}.Debug|Any CPU.ActiveCfg = Debug|Any CPU
		{54DCD9AD-F9FC-48D8-941A-C6B77C572798}.Debug|Any CPU.Build.0 = Debug|Any CPU
		{54DCD9AD-F9FC-48D8-941A-C6B77C572798}.Release|Any CPU.ActiveCfg = Release|Any CPU
		{54DCD9AD-F9FC-48D8-941A-C6B77C572798}.Release|Any CPU.Build.0 = Release|Any CPU
	EndGlobalSection
	GlobalSection(SolutionProperties) = preSolution
		HideSolutionNode = FALSE
	EndGlobalSection
	GlobalSection(NestedProjects) = preSolution
		{7E269E8D-D949-4FF6-A885-D6360B16C2AB} = {96FF4A57-9616-47AC-B4AF-891BEB2FA7E0}
		{BCAF0C2C-1870-4982-9E8D-4C7732993841} = {96FF4A57-9616-47AC-B4AF-891BEB2FA7E0}
		{54DCD9AD-F9FC-48D8-941A-C6B77C572798} = {96FF4A57-9616-47AC-B4AF-891BEB2FA7E0}
		{4546856D-EA50-45C6-9419-EEEACB5A80AA} = {081047A4-FC12-4D39-B02A-828F5F852FE4}
		{DF9C43F0-ADD3-4FBF-995E-84B92F9CBF25} = {081047A4-FC12-4D39-B02A-828F5F852FE4}
	EndGlobalSection
	GlobalSection(ExtensibilityGlobals) = postSolution
		SolutionGuid = {B4658AE2-939C-44E1-9B32-1A4176C2A351}
	EndGlobalSection
EndGlobal
